
Microsoft Visual Studio Solution File, Format Version 12.00
# Visual Studio Version 16
VisualStudioVersion = 16.0.29411.108
MinimumVisualStudioVersion = 10.0.40219.1
Project("{FAE04EC0-301F-11D3-BF4B-00C04F79EFBC}") = "EnterpriseAddLogsPrism", "EnterpriseAddLogsPrism\EnterpriseAddLogsPrism\EnterpriseAddLogsPrism.csproj", "{ECEB990E-0418-4023-A5A1-20C0105AF0EA}"
EndProject
Project("{FAE04EC0-301F-11D3-BF4B-00C04F79EFBC}") = "EnterpriseAddLogsPrism.Android", "EnterpriseAddLogsPrism\EnterpriseAddLogsPrism.Android\EnterpriseAddLogsPrism.Android.csproj", "{82F8D2F8-758C-4DEF-9F03-E1BE6DB73DAA}"
EndProject
Project("{FAE04EC0-301F-11D3-BF4B-00C04F79EFBC}") = "EnterpriseAddLogsPrism.iOS", "EnterpriseAddLogsPrism\EnterpriseAddLogsPrism.iOS\EnterpriseAddLogsPrism.iOS.csproj", "{372FAF4E-FD58-4B10-ACED-0F0795565858}"
EndProject
Project("{FAE04EC0-301F-11D3-BF4B-00C04F79EFBC}") = "EnterpriseAddLogsPrism.UWP", "EnterpriseAddLogsPrism\EnterpriseAddLogsPrism.UWP\EnterpriseAddLogsPrism.UWP.csproj", "{6E51425C-554F-4424-9CF2-4E96576E83C9}"
EndProject
Global
	GlobalSection(SolutionConfigurationPlatforms) = preSolution
		Ad-Hoc|Any CPU = Ad-Hoc|Any CPU
		Ad-Hoc|ARM = Ad-Hoc|ARM
		Ad-Hoc|iPhone = Ad-Hoc|iPhone
		Ad-Hoc|iPhoneSimulator = Ad-Hoc|iPhoneSimulator
		Ad-Hoc|x64 = Ad-Hoc|x64
		Ad-Hoc|x86 = Ad-Hoc|x86
		AppStore|Any CPU = AppStore|Any CPU
		AppStore|ARM = AppStore|ARM
		AppStore|iPhone = AppStore|iPhone
		AppStore|iPhoneSimulator = AppStore|iPhoneSimulator
		AppStore|x64 = AppStore|x64
		AppStore|x86 = AppStore|x86
		Debug|Any CPU = Debug|Any CPU
		Debug|ARM = Debug|ARM
		Debug|iPhone = Debug|iPhone
		Debug|iPhoneSimulator = Debug|iPhoneSimulator
		Debug|x64 = Debug|x64
		Debug|x86 = Debug|x86
		Release|Any CPU = Release|Any CPU
		Release|ARM = Release|ARM
		Release|iPhone = Release|iPhone
		Release|iPhoneSimulator = Release|iPhoneSimulator
		Release|x64 = Release|x64
		Release|x86 = Release|x86
	EndGlobalSection
	GlobalSection(ProjectConfigurationPlatforms) = postSolution
		{ECEB990E-0418-4023-A5A1-20C0105AF0EA}.Ad-Hoc|Any CPU.ActiveCfg = Debug|Any CPU
		{ECEB990E-0418-4023-A5A1-20C0105AF0EA}.Ad-Hoc|Any CPU.Build.0 = Debug|Any CPU
		{ECEB990E-0418-4023-A5A1-20C0105AF0EA}.Ad-Hoc|ARM.ActiveCfg = Debug|Any CPU
		{ECEB990E-0418-4023-A5A1-20C0105AF0EA}.Ad-Hoc|ARM.Build.0 = Debug|Any CPU
		{ECEB990E-0418-4023-A5A1-20C0105AF0EA}.Ad-Hoc|iPhone.ActiveCfg = Debug|Any CPU
		{ECEB990E-0418-4023-A5A1-20C0105AF0EA}.Ad-Hoc|iPhone.Build.0 = Debug|Any CPU
		{ECEB990E-0418-4023-A5A1-20C0105AF0EA}.Ad-Hoc|iPhoneSimulator.ActiveCfg = Debug|Any CPU
		{ECEB990E-0418-4023-A5A1-20C0105AF0EA}.Ad-Hoc|iPhoneSimulator.Build.0 = Debug|Any CPU
		{ECEB990E-0418-4023-A5A1-20C0105AF0EA}.Ad-Hoc|x64.ActiveCfg = Debug|Any CPU
		{ECEB990E-0418-4023-A5A1-20C0105AF0EA}.Ad-Hoc|x64.Build.0 = Debug|Any CPU
		{ECEB990E-0418-4023-A5A1-20C0105AF0EA}.Ad-Hoc|x86.ActiveCfg = Debug|Any CPU
		{ECEB990E-0418-4023-A5A1-20C0105AF0EA}.Ad-Hoc|x86.Build.0 = Debug|Any CPU
		{ECEB990E-0418-4023-A5A1-20C0105AF0EA}.AppStore|Any CPU.ActiveCfg = Debug|Any CPU
		{ECEB990E-0418-4023-A5A1-20C0105AF0EA}.AppStore|Any CPU.Build.0 = Debug|Any CPU
		{ECEB990E-0418-4023-A5A1-20C0105AF0EA}.AppStore|ARM.ActiveCfg = Debug|Any CPU
		{ECEB990E-0418-4023-A5A1-20C0105AF0EA}.AppStore|ARM.Build.0 = Debug|Any CPU
		{ECEB990E-0418-4023-A5A1-20C0105AF0EA}.AppStore|iPhone.ActiveCfg = Debug|Any CPU
		{ECEB990E-0418-4023-A5A1-20C0105AF0EA}.AppStore|iPhone.Build.0 = Debug|Any CPU
		{ECEB990E-0418-4023-A5A1-20C0105AF0EA}.AppStore|iPhoneSimulator.ActiveCfg = Debug|Any CPU
		{ECEB990E-0418-4023-A5A1-20C0105AF0EA}.AppStore|iPhoneSimulator.Build.0 = Debug|Any CPU
		{ECEB990E-0418-4023-A5A1-20C0105AF0EA}.AppStore|x64.ActiveCfg = Debug|Any CPU
		{ECEB990E-0418-4023-A5A1-20C0105AF0EA}.AppStore|x64.Build.0 = Debug|Any CPU
		{ECEB990E-0418-4023-A5A1-20C0105AF0EA}.AppStore|x86.ActiveCfg = Debug|Any CPU
		{ECEB990E-0418-4023-A5A1-20C0105AF0EA}.AppStore|x86.Build.0 = Debug|Any CPU
		{ECEB990E-0418-4023-A5A1-20C0105AF0EA}.Debug|Any CPU.ActiveCfg = Debug|Any CPU
		{ECEB990E-0418-4023-A5A1-20C0105AF0EA}.Debug|Any CPU.Build.0 = Debug|Any CPU
		{ECEB990E-0418-4023-A5A1-20C0105AF0EA}.Debug|ARM.ActiveCfg = Debug|Any CPU
		{ECEB990E-0418-4023-A5A1-20C0105AF0EA}.Debug|ARM.Build.0 = Debug|Any CPU
		{ECEB990E-0418-4023-A5A1-20C0105AF0EA}.Debug|iPhone.ActiveCfg = Debug|Any CPU
		{ECEB990E-0418-4023-A5A1-20C0105AF0EA}.Debug|iPhone.Build.0 = Debug|Any CPU
		{ECEB990E-0418-4023-A5A1-20C0105AF0EA}.Debug|iPhoneSimulator.ActiveCfg = Debug|Any CPU
		{ECEB990E-0418-4023-A5A1-20C0105AF0EA}.Debug|iPhoneSimulator.Build.0 = Debug|Any CPU
		{ECEB990E-0418-4023-A5A1-20C0105AF0EA}.Debug|x64.ActiveCfg = Debug|Any CPU
		{ECEB990E-0418-4023-A5A1-20C0105AF0EA}.Debug|x64.Build.0 = Debug|Any CPU
		{ECEB990E-0418-4023-A5A1-20C0105AF0EA}.Debug|x86.ActiveCfg = Debug|Any CPU
		{ECEB990E-0418-4023-A5A1-20C0105AF0EA}.Debug|x86.Build.0 = Debug|Any CPU
		{ECEB990E-0418-4023-A5A1-20C0105AF0EA}.Release|Any CPU.ActiveCfg = Release|Any CPU
		{ECEB990E-0418-4023-A5A1-20C0105AF0EA}.Release|Any CPU.Build.0 = Release|Any CPU
		{ECEB990E-0418-4023-A5A1-20C0105AF0EA}.Release|ARM.ActiveCfg = Release|Any CPU
		{ECEB990E-0418-4023-A5A1-20C0105AF0EA}.Release|ARM.Build.0 = Release|Any CPU
		{ECEB990E-0418-4023-A5A1-20C0105AF0EA}.Release|iPhone.ActiveCfg = Release|Any CPU
		{ECEB990E-0418-4023-A5A1-20C0105AF0EA}.Release|iPhone.Build.0 = Release|Any CPU
		{ECEB990E-0418-4023-A5A1-20C0105AF0EA}.Release|iPhoneSimulator.ActiveCfg = Release|Any CPU
		{ECEB990E-0418-4023-A5A1-20C0105AF0EA}.Release|iPhoneSimulator.Build.0 = Release|Any CPU
		{ECEB990E-0418-4023-A5A1-20C0105AF0EA}.Release|x64.ActiveCfg = Release|Any CPU
		{ECEB990E-0418-4023-A5A1-20C0105AF0EA}.Release|x64.Build.0 = Release|Any CPU
		{ECEB990E-0418-4023-A5A1-20C0105AF0EA}.Release|x86.ActiveCfg = Release|Any CPU
		{ECEB990E-0418-4023-A5A1-20C0105AF0EA}.Release|x86.Build.0 = Release|Any CPU
		{82F8D2F8-758C-4DEF-9F03-E1BE6DB73DAA}.Ad-Hoc|Any CPU.ActiveCfg = Release|Any CPU
		{82F8D2F8-758C-4DEF-9F03-E1BE6DB73DAA}.Ad-Hoc|Any CPU.Build.0 = Release|Any CPU
		{82F8D2F8-758C-4DEF-9F03-E1BE6DB73DAA}.Ad-Hoc|Any CPU.Deploy.0 = Release|Any CPU
		{82F8D2F8-758C-4DEF-9F03-E1BE6DB73DAA}.Ad-Hoc|ARM.ActiveCfg = Release|Any CPU
		{82F8D2F8-758C-4DEF-9F03-E1BE6DB73DAA}.Ad-Hoc|ARM.Build.0 = Release|Any CPU
		{82F8D2F8-758C-4DEF-9F03-E1BE6DB73DAA}.Ad-Hoc|ARM.Deploy.0 = Release|Any CPU
		{82F8D2F8-758C-4DEF-9F03-E1BE6DB73DAA}.Ad-Hoc|iPhone.ActiveCfg = Release|Any CPU
		{82F8D2F8-758C-4DEF-9F03-E1BE6DB73DAA}.Ad-Hoc|iPhone.Build.0 = Release|Any CPU
		{82F8D2F8-758C-4DEF-9F03-E1BE6DB73DAA}.Ad-Hoc|iPhone.Deploy.0 = Release|Any CPU
		{82F8D2F8-758C-4DEF-9F03-E1BE6DB73DAA}.Ad-Hoc|iPhoneSimulator.ActiveCfg = Release|Any CPU
		{82F8D2F8-758C-4DEF-9F03-E1BE6DB73DAA}.Ad-Hoc|iPhoneSimulator.Build.0 = Release|Any CPU
		{82F8D2F8-758C-4DEF-9F03-E1BE6DB73DAA}.Ad-Hoc|iPhoneSimulator.Deploy.0 = Release|Any CPU
		{82F8D2F8-758C-4DEF-9F03-E1BE6DB73DAA}.Ad-Hoc|x64.ActiveCfg = Release|Any CPU
		{82F8D2F8-758C-4DEF-9F03-E1BE6DB73DAA}.Ad-Hoc|x64.Build.0 = Release|Any CPU
		{82F8D2F8-758C-4DEF-9F03-E1BE6DB73DAA}.Ad-Hoc|x64.Deploy.0 = Release|Any CPU
		{82F8D2F8-758C-4DEF-9F03-E1BE6DB73DAA}.Ad-Hoc|x86.ActiveCfg = Release|Any CPU
		{82F8D2F8-758C-4DEF-9F03-E1BE6DB73DAA}.Ad-Hoc|x86.Build.0 = Release|Any CPU
		{82F8D2F8-758C-4DEF-9F03-E1BE6DB73DAA}.Ad-Hoc|x86.Deploy.0 = Release|Any CPU
		{82F8D2F8-758C-4DEF-9F03-E1BE6DB73DAA}.AppStore|Any CPU.ActiveCfg = Release|Any CPU
		{82F8D2F8-758C-4DEF-9F03-E1BE6DB73DAA}.AppStore|Any CPU.Build.0 = Release|Any CPU
		{82F8D2F8-758C-4DEF-9F03-E1BE6DB73DAA}.AppStore|Any CPU.Deploy.0 = Release|Any CPU
		{82F8D2F8-758C-4DEF-9F03-E1BE6DB73DAA}.AppStore|ARM.ActiveCfg = Release|Any CPU
		{82F8D2F8-758C-4DEF-9F03-E1BE6DB73DAA}.AppStore|ARM.Build.0 = Release|Any CPU
		{82F8D2F8-758C-4DEF-9F03-E1BE6DB73DAA}.AppStore|ARM.Deploy.0 = Release|Any CPU
		{82F8D2F8-758C-4DEF-9F03-E1BE6DB73DAA}.AppStore|iPhone.ActiveCfg = Release|Any CPU
		{82F8D2F8-758C-4DEF-9F03-E1BE6DB73DAA}.AppStore|iPhone.Build.0 = Release|Any CPU
		{82F8D2F8-758C-4DEF-9F03-E1BE6DB73DAA}.AppStore|iPhone.Deploy.0 = Release|Any CPU
		{82F8D2F8-758C-4DEF-9F03-E1BE6DB73DAA}.AppStore|iPhoneSimulator.ActiveCfg = Release|Any CPU
		{82F8D2F8-758C-4DEF-9F03-E1BE6DB73DAA}.AppStore|iPhoneSimulator.Build.0 = Release|Any CPU
		{82F8D2F8-758C-4DEF-9F03-E1BE6DB73DAA}.AppStore|iPhoneSimulator.Deploy.0 = Release|Any CPU
		{82F8D2F8-758C-4DEF-9F03-E1BE6DB73DAA}.AppStore|x64.ActiveCfg = Release|Any CPU
		{82F8D2F8-758C-4DEF-9F03-E1BE6DB73DAA}.AppStore|x64.Build.0 = Release|Any CPU
		{82F8D2F8-758C-4DEF-9F03-E1BE6DB73DAA}.AppStore|x64.Deploy.0 = Release|Any CPU
		{82F8D2F8-758C-4DEF-9F03-E1BE6DB73DAA}.AppStore|x86.ActiveCfg = Release|Any CPU
		{82F8D2F8-758C-4DEF-9F03-E1BE6DB73DAA}.AppStore|x86.Build.0 = Release|Any CPU
		{82F8D2F8-758C-4DEF-9F03-E1BE6DB73DAA}.AppStore|x86.Deploy.0 = Release|Any CPU
		{82F8D2F8-758C-4DEF-9F03-E1BE6DB73DAA}.Debug|Any CPU.ActiveCfg = Debug|Any CPU
		{82F8D2F8-758C-4DEF-9F03-E1BE6DB73DAA}.Debug|Any CPU.Build.0 = Debug|Any CPU
		{82F8D2F8-758C-4DEF-9F03-E1BE6DB73DAA}.Debug|Any CPU.Deploy.0 = Debug|Any CPU
		{82F8D2F8-758C-4DEF-9F03-E1BE6DB73DAA}.Debug|ARM.ActiveCfg = Debug|Any CPU
		{82F8D2F8-758C-4DEF-9F03-E1BE6DB73DAA}.Debug|ARM.Build.0 = Debug|Any CPU
		{82F8D2F8-758C-4DEF-9F03-E1BE6DB73DAA}.Debug|ARM.Deploy.0 = Debug|Any CPU
		{82F8D2F8-758C-4DEF-9F03-E1BE6DB73DAA}.Debug|iPhone.ActiveCfg = Debug|Any CPU
		{82F8D2F8-758C-4DEF-9F03-E1BE6DB73DAA}.Debug|iPhone.Build.0 = Debug|Any CPU
		{82F8D2F8-758C-4DEF-9F03-E1BE6DB73DAA}.Debug|iPhone.Deploy.0 = Debug|Any CPU
		{82F8D2F8-758C-4DEF-9F03-E1BE6DB73DAA}.Debug|iPhoneSimulator.ActiveCfg = Debug|Any CPU
		{82F8D2F8-758C-4DEF-9F03-E1BE6DB73DAA}.Debug|iPhoneSimulator.Build.0 = Debug|Any CPU
		{82F8D2F8-758C-4DEF-9F03-E1BE6DB73DAA}.Debug|iPhoneSimulator.Deploy.0 = Debug|Any CPU
		{82F8D2F8-758C-4DEF-9F03-E1BE6DB73DAA}.Debug|x64.ActiveCfg = Debug|Any CPU
		{82F8D2F8-758C-4DEF-9F03-E1BE6DB73DAA}.Debug|x64.Build.0 = Debug|Any CPU
		{82F8D2F8-758C-4DEF-9F03-E1BE6DB73DAA}.Debug|x64.Deploy.0 = Debug|Any CPU
		{82F8D2F8-758C-4DEF-9F03-E1BE6DB73DAA}.Debug|x86.ActiveCfg = Debug|Any CPU
		{82F8D2F8-758C-4DEF-9F03-E1BE6DB73DAA}.Debug|x86.Build.0 = Debug|Any CPU
		{82F8D2F8-758C-4DEF-9F03-E1BE6DB73DAA}.Debug|x86.Deploy.0 = Debug|Any CPU
		{82F8D2F8-758C-4DEF-9F03-E1BE6DB73DAA}.Release|Any CPU.ActiveCfg = Release|Any CPU
		{82F8D2F8-758C-4DEF-9F03-E1BE6DB73DAA}.Release|Any CPU.Build.0 = Release|Any CPU
		{82F8D2F8-758C-4DEF-9F03-E1BE6DB73DAA}.Release|Any CPU.Deploy.0 = Release|Any CPU
		{82F8D2F8-758C-4DEF-9F03-E1BE6DB73DAA}.Release|ARM.ActiveCfg = Release|Any CPU
		{82F8D2F8-758C-4DEF-9F03-E1BE6DB73DAA}.Release|ARM.Build.0 = Release|Any CPU
		{82F8D2F8-758C-4DEF-9F03-E1BE6DB73DAA}.Release|ARM.Deploy.0 = Release|Any CPU
		{82F8D2F8-758C-4DEF-9F03-E1BE6DB73DAA}.Release|iPhone.ActiveCfg = Release|Any CPU
		{82F8D2F8-758C-4DEF-9F03-E1BE6DB73DAA}.Release|iPhone.Build.0 = Release|Any CPU
		{82F8D2F8-758C-4DEF-9F03-E1BE6DB73DAA}.Release|iPhone.Deploy.0 = Release|Any CPU
		{82F8D2F8-758C-4DEF-9F03-E1BE6DB73DAA}.Release|iPhoneSimulator.ActiveCfg = Release|Any CPU
		{82F8D2F8-758C-4DEF-9F03-E1BE6DB73DAA}.Release|iPhoneSimulator.Build.0 = Release|Any CPU
		{82F8D2F8-758C-4DEF-9F03-E1BE6DB73DAA}.Release|iPhoneSimulator.Deploy.0 = Release|Any CPU
		{82F8D2F8-758C-4DEF-9F03-E1BE6DB73DAA}.Release|x64.ActiveCfg = Release|Any CPU
		{82F8D2F8-758C-4DEF-9F03-E1BE6DB73DAA}.Release|x64.Build.0 = Release|Any CPU
		{82F8D2F8-758C-4DEF-9F03-E1BE6DB73DAA}.Release|x64.Deploy.0 = Release|Any CPU
		{82F8D2F8-758C-4DEF-9F03-E1BE6DB73DAA}.Release|x86.ActiveCfg = Release|Any CPU
		{82F8D2F8-758C-4DEF-9F03-E1BE6DB73DAA}.Release|x86.Build.0 = Release|Any CPU
		{82F8D2F8-758C-4DEF-9F03-E1BE6DB73DAA}.Release|x86.Deploy.0 = Release|Any CPU
		{372FAF4E-FD58-4B10-ACED-0F0795565858}.Ad-Hoc|Any CPU.ActiveCfg = Ad-Hoc|iPhone
		{372FAF4E-FD58-4B10-ACED-0F0795565858}.Ad-Hoc|ARM.ActiveCfg = Ad-Hoc|iPhone
		{372FAF4E-FD58-4B10-ACED-0F0795565858}.Ad-Hoc|iPhone.ActiveCfg = Ad-Hoc|iPhone
		{372FAF4E-FD58-4B10-ACED-0F0795565858}.Ad-Hoc|iPhone.Build.0 = Ad-Hoc|iPhone
		{372FAF4E-FD58-4B10-ACED-0F0795565858}.Ad-Hoc|iPhoneSimulator.ActiveCfg = Ad-Hoc|iPhoneSimulator
		{372FAF4E-FD58-4B10-ACED-0F0795565858}.Ad-Hoc|iPhoneSimulator.Build.0 = Ad-Hoc|iPhoneSimulator
		{372FAF4E-FD58-4B10-ACED-0F0795565858}.Ad-Hoc|x64.ActiveCfg = Ad-Hoc|iPhone
		{372FAF4E-FD58-4B10-ACED-0F0795565858}.Ad-Hoc|x86.ActiveCfg = Ad-Hoc|iPhone
		{372FAF4E-FD58-4B10-ACED-0F0795565858}.AppStore|Any CPU.ActiveCfg = AppStore|iPhone
		{372FAF4E-FD58-4B10-ACED-0F0795565858}.AppStore|ARM.ActiveCfg = AppStore|iPhone
		{372FAF4E-FD58-4B10-ACED-0F0795565858}.AppStore|iPhone.ActiveCfg = AppStore|iPhone
		{372FAF4E-FD58-4B10-ACED-0F0795565858}.AppStore|iPhone.Build.0 = AppStore|iPhone
		{372FAF4E-FD58-4B10-ACED-0F0795565858}.AppStore|iPhoneSimulator.ActiveCfg = AppStore|iPhoneSimulator
		{372FAF4E-FD58-4B10-ACED-0F0795565858}.AppStore|iPhoneSimulator.Build.0 = AppStore|iPhoneSimulator
		{372FAF4E-FD58-4B10-ACED-0F0795565858}.AppStore|x64.ActiveCfg = AppStore|iPhone
		{372FAF4E-FD58-4B10-ACED-0F0795565858}.AppStore|x86.ActiveCfg = AppStore|iPhone
		{372FAF4E-FD58-4B10-ACED-0F0795565858}.Debug|Any CPU.ActiveCfg = Debug|iPhone
		{372FAF4E-FD58-4B10-ACED-0F0795565858}.Debug|ARM.ActiveCfg = Debug|iPhone
		{372FAF4E-FD58-4B10-ACED-0F0795565858}.Debug|iPhone.ActiveCfg = Debug|iPhone
		{372FAF4E-FD58-4B10-ACED-0F0795565858}.Debug|iPhone.Build.0 = Debug|iPhone
		{372FAF4E-FD58-4B10-ACED-0F0795565858}.Debug|iPhoneSimulator.ActiveCfg = Debug|iPhoneSimulator
		{372FAF4E-FD58-4B10-ACED-0F0795565858}.Debug|iPhoneSimulator.Build.0 = Debug|iPhoneSimulator
		{372FAF4E-FD58-4B10-ACED-0F0795565858}.Debug|x64.ActiveCfg = Debug|iPhone
		{372FAF4E-FD58-4B10-ACED-0F0795565858}.Debug|x86.ActiveCfg = Debug|iPhone
		{372FAF4E-FD58-4B10-ACED-0F0795565858}.Release|Any CPU.ActiveCfg = Release|iPhone
		{372FAF4E-FD58-4B10-ACED-0F0795565858}.Release|ARM.ActiveCfg = Release|iPhone
		{372FAF4E-FD58-4B10-ACED-0F0795565858}.Release|iPhone.ActiveCfg = Release|iPhone
		{372FAF4E-FD58-4B10-ACED-0F0795565858}.Release|iPhone.Build.0 = Release|iPhone
		{372FAF4E-FD58-4B10-ACED-0F0795565858}.Release|iPhoneSimulator.ActiveCfg = Release|iPhoneSimulator
		{372FAF4E-FD58-4B10-ACED-0F0795565858}.Release|iPhoneSimulator.Build.0 = Release|iPhoneSimulator
		{372FAF4E-FD58-4B10-ACED-0F0795565858}.Release|x64.ActiveCfg = Release|iPhone
		{372FAF4E-FD58-4B10-ACED-0F0795565858}.Release|x86.ActiveCfg = Release|iPhone
		{6E51425C-554F-4424-9CF2-4E96576E83C9}.Ad-Hoc|Any CPU.ActiveCfg = Release|x86
		{6E51425C-554F-4424-9CF2-4E96576E83C9}.Ad-Hoc|Any CPU.Build.0 = Release|x86
		{6E51425C-554F-4424-9CF2-4E96576E83C9}.Ad-Hoc|Any CPU.Deploy.0 = Release|x86
		{6E51425C-554F-4424-9CF2-4E96576E83C9}.Ad-Hoc|ARM.ActiveCfg = Release|ARM
		{6E51425C-554F-4424-9CF2-4E96576E83C9}.Ad-Hoc|ARM.Build.0 = Release|ARM
		{6E51425C-554F-4424-9CF2-4E96576E83C9}.Ad-Hoc|ARM.Deploy.0 = Release|ARM
		{6E51425C-554F-4424-9CF2-4E96576E83C9}.Ad-Hoc|iPhone.ActiveCfg = Release|x86
		{6E51425C-554F-4424-9CF2-4E96576E83C9}.Ad-Hoc|iPhone.Build.0 = Release|x86
		{6E51425C-554F-4424-9CF2-4E96576E83C9}.Ad-Hoc|iPhone.Deploy.0 = Release|x86
		{6E51425C-554F-4424-9CF2-4E96576E83C9}.Ad-Hoc|iPhoneSimulator.ActiveCfg = Release|x86
		{6E51425C-554F-4424-9CF2-4E96576E83C9}.Ad-Hoc|iPhoneSimulator.Build.0 = Release|x86
		{6E51425C-554F-4424-9CF2-4E96576E83C9}.Ad-Hoc|iPhoneSimulator.Deploy.0 = Release|x86
		{6E51425C-554F-4424-9CF2-4E96576E83C9}.Ad-Hoc|x64.ActiveCfg = Release|x64
		{6E51425C-554F-4424-9CF2-4E96576E83C9}.Ad-Hoc|x64.Build.0 = Release|x64
		{6E51425C-554F-4424-9CF2-4E96576E83C9}.Ad-Hoc|x64.Deploy.0 = Release|x64
		{6E51425C-554F-4424-9CF2-4E96576E83C9}.Ad-Hoc|x86.ActiveCfg = Release|x86
		{6E51425C-554F-4424-9CF2-4E96576E83C9}.Ad-Hoc|x86.Build.0 = Release|x86
		{6E51425C-554F-4424-9CF2-4E96576E83C9}.Ad-Hoc|x86.Deploy.0 = Release|x86
		{6E51425C-554F-4424-9CF2-4E96576E83C9}.AppStore|Any CPU.ActiveCfg = Release|x86
		{6E51425C-554F-4424-9CF2-4E96576E83C9}.AppStore|Any CPU.Build.0 = Release|x86
		{6E51425C-554F-4424-9CF2-4E96576E83C9}.AppStore|Any CPU.Deploy.0 = Release|x86
		{6E51425C-554F-4424-9CF2-4E96576E83C9}.AppStore|ARM.ActiveCfg = Release|ARM
		{6E51425C-554F-4424-9CF2-4E96576E83C9}.AppStore|ARM.Build.0 = Release|ARM
		{6E51425C-554F-4424-9CF2-4E96576E83C9}.AppStore|ARM.Deploy.0 = Release|ARM
		{6E51425C-554F-4424-9CF2-4E96576E83C9}.AppStore|iPhone.ActiveCfg = Release|x86
		{6E51425C-554F-4424-9CF2-4E96576E83C9}.AppStore|iPhone.Build.0 = Release|x86
		{6E51425C-554F-4424-9CF2-4E96576E83C9}.AppStore|iPhone.Deploy.0 = Release|x86
		{6E51425C-554F-4424-9CF2-4E96576E83C9}.AppStore|iPhoneSimulator.ActiveCfg = Release|x86
		{6E51425C-554F-4424-9CF2-4E96576E83C9}.AppStore|iPhoneSimulator.Build.0 = Release|x86
		{6E51425C-554F-4424-9CF2-4E96576E83C9}.AppStore|iPhoneSimulator.Deploy.0 = Release|x86
		{6E51425C-554F-4424-9CF2-4E96576E83C9}.AppStore|x64.ActiveCfg = Release|x64
		{6E51425C-554F-4424-9CF2-4E96576E83C9}.AppStore|x64.Build.0 = Release|x64
		{6E51425C-554F-4424-9CF2-4E96576E83C9}.AppStore|x64.Deploy.0 = Release|x64
		{6E51425C-554F-4424-9CF2-4E96576E83C9}.AppStore|x86.ActiveCfg = Release|x86
		{6E51425C-554F-4424-9CF2-4E96576E83C9}.AppStore|x86.Build.0 = Release|x86
		{6E51425C-554F-4424-9CF2-4E96576E83C9}.AppStore|x86.Deploy.0 = Release|x86
		{6E51425C-554F-4424-9CF2-4E96576E83C9}.Debug|Any CPU.ActiveCfg = Debug|x86
		{6E51425C-554F-4424-9CF2-4E96576E83C9}.Debug|ARM.ActiveCfg = Debug|ARM
		{6E51425C-554F-4424-9CF2-4E96576E83C9}.Debug|ARM.Build.0 = Debug|ARM
		{6E51425C-554F-4424-9CF2-4E96576E83C9}.Debug|ARM.Deploy.0 = Debug|ARM
		{6E51425C-554F-4424-9CF2-4E96576E83C9}.Debug|iPhone.ActiveCfg = Debug|x86
		{6E51425C-554F-4424-9CF2-4E96576E83C9}.Debug|iPhoneSimulator.ActiveCfg = Debug|x86
		{6E51425C-554F-4424-9CF2-4E96576E83C9}.Debug|x64.ActiveCfg = Debug|x64
		{6E51425C-554F-4424-9CF2-4E96576E83C9}.Debug|x64.Build.0 = Debug|x64
		{6E51425C-554F-4424-9CF2-4E96576E83C9}.Debug|x64.Deploy.0 = Debug|x64
		{6E51425C-554F-4424-9CF2-4E96576E83C9}.Debug|x86.ActiveCfg = Debug|x86
		{6E51425C-554F-4424-9CF2-4E96576E83C9}.Debug|x86.Build.0 = Debug|x86
		{6E51425C-554F-4424-9CF2-4E96576E83C9}.Debug|x86.Deploy.0 = Debug|x86
		{6E51425C-554F-4424-9CF2-4E96576E83C9}.Release|Any CPU.ActiveCfg = Release|x86
		{6E51425C-554F-4424-9CF2-4E96576E83C9}.Release|ARM.ActiveCfg = Release|ARM
		{6E51425C-554F-4424-9CF2-4E96576E83C9}.Release|ARM.Build.0 = Release|ARM
		{6E51425C-554F-4424-9CF2-4E96576E83C9}.Release|ARM.Deploy.0 = Release|ARM
		{6E51425C-554F-4424-9CF2-4E96576E83C9}.Release|iPhone.ActiveCfg = Release|x86
		{6E51425C-554F-4424-9CF2-4E96576E83C9}.Release|iPhoneSimulator.ActiveCfg = Release|x86
		{6E51425C-554F-4424-9CF2-4E96576E83C9}.Release|x64.ActiveCfg = Release|x64
		{6E51425C-554F-4424-9CF2-4E96576E83C9}.Release|x64.Build.0 = Release|x64
		{6E51425C-554F-4424-9CF2-4E96576E83C9}.Release|x64.Deploy.0 = Release|x64
		{6E51425C-554F-4424-9CF2-4E96576E83C9}.Release|x86.ActiveCfg = Release|x86
		{6E51425C-554F-4424-9CF2-4E96576E83C9}.Release|x86.Build.0 = Release|x86
		{6E51425C-554F-4424-9CF2-4E96576E83C9}.Release|x86.Deploy.0 = Release|x86
	EndGlobalSection
	GlobalSection(SolutionProperties) = preSolution
		HideSolutionNode = FALSE
	EndGlobalSection
	GlobalSection(ExtensibilityGlobals) = postSolution
		SolutionGuid = {8F2A2971-00FD-4169-B8CA-010151CD909C}
	EndGlobalSection
EndGlobal
